<Solution>
  <Project Path="src\SolarInverters\SolarInverters.csproj" Type="Classic C#" />
  <Project Path="src\Accounts\Accounts.csproj" Type="Classic C#" />
  <Project Path="src\Reports\Reports.csproj" Type="Classic C#" />
  <Project Path="src\SolarPlatformCommon\SolarPlatformCommon.csproj" Type="Classic C#" />
</Solution>